// !$*UTF8*$!
{
	archiveVersion = 1;
	classes = {
	};
	objectVersion = 56;
	objects = {

/* Begin PBXBuildFile section */
		124129A42C6AA8E10096E6A1 /* AppDelegate.swift in Sources */ = {isa = PBXBuildFile; fileRef = 124129A32C6AA8E10096E6A1 /* AppDelegate.swift */; };
		124129A62C6AA8E10096E6A1 /* SceneDelegate.swift in Sources */ = {isa = PBXBuildFile; fileRef = 124129A52C6AA8E10096E6A1 /* SceneDelegate.swift */; };
		124129A82C6AA8E10096E6A1 /* ViewController.swift in Sources */ = {isa = PBXBuildFile; fileRef = 124129A72C6AA8E10096E6A1 /* ViewController.swift */; };
		124129AB2C6AA8E10096E6A1 /* Main.storyboard in Resources */ = {isa = PBXBuildFile; fileRef = 124129A92C6AA8E10096E6A1 /* Main.storyboard */; };
		124129AD2C6AA8E40096E6A1 /* Assets.xcassets in Resources */ = {isa = PBXBuildFile; fileRef = 124129AC2C6AA8E40096E6A1 /* Assets.xcassets */; };
		124129B02C6AA8E40096E6A1 /* LaunchScreen.storyboard in Resources */ = {isa = PBXBuildFile; fileRef = 124129AE2C6AA8E40096E6A1 /* LaunchScreen.storyboard */; };
		12D691BD2C6D7767009AA1E6 /* MySwiftUIView.swift in Sources */ = {isa = PBXBuildFile; fileRef = 12D691BC2C6D7767009AA1E6 /* MySwiftUIView.swift */; };
		12D691BF2C6D78D2009AA1E6 /* MyFirstSwiftUIView.swift in Sources */ = {isa = PBXBuildFile; fileRef = 12D691BE2C6D78D2009AA1E6 /* MyFirstSwiftUIView.swift */; };
/* End PBXBuildFile section */

/* Begin PBXFileReference section */
		124129A02C6AA8E10096E6A1 /* StoryboardProject.app */ = {isa = PBXFileReference; explicitFileType = wrapper.application; includeInIndex = 0; path = StoryboardProject.app; sourceTree = BUILT_PRODUCTS_DIR; };
		124129A32C6AA8E10096E6A1 /* AppDelegate.swift */ = {isa = PBXFileReference; lastKnownFileType = sourcecode.swift; path = AppDelegate.swift; sourceTree = "<group>"; };
		124129A52C6AA8E10096E6A1 /* SceneDelegate.swift */ = {isa = PBXFileReference; lastKnownFileType = sourcecode.swift; path = SceneDelegate.swift; sourceTree = "<group>"; };
		124129A72C6AA8E10096E6A1 /* ViewController.swift */ = {isa = PBXFileReference; lastKnownFileType = sourcecode.swift; path = ViewController.swift; sourceTree = "<group>"; };
		124129AA2C6AA8E10096E6A1 /* Base */ = {isa = PBXFileReference; lastKnownFileType = file.storyboard; name = Base; path = Base.lproj/Main.storyboard; sourceTree = "<group>"; };
		124129AC2C6AA8E40096E6A1 /* Assets.xcassets */ = {isa = PBXFileReference; lastKnownFileType = folder.assetcatalog; path = Assets.xcassets; sourceTree = "<group>"; };
		124129AF2C6AA8E40096E6A1 /* Base */ = {isa = PBXFileReference; lastKnownFileType = file.storyboard; name = Base; path = Base.lproj/LaunchScreen.storyboard; sourceTree = "<group>"; };
		124129B12C6AA8E40096E6A1 /* Info.plist */ = {isa = PBXFileReference; lastKnownFileType = text.plist.xml; path = Info.plist; sourceTree = "<group>"; };
		12D691BC2C6D7767009AA1E6 /* MySwiftUIView.swift */ = {isa = PBXFileReference; lastKnownFileType = sourcecode.swift; path = MySwiftUIView.swift; sourceTree = "<group>"; };
		12D691BE2C6D78D2009AA1E6 /* MyFirstSwiftUIView.swift */ = {isa = PBXFileReference; lastKnownFileType = sourcecode.swift; path = MyFirstSwiftUIView.swift; sourceTree = "<group>"; };
/* End PBXFileReference section */

/* Begin PBXFrameworksBuildPhase section */
		1241299D2C6AA8E10096E6A1 /* Frameworks */ = {
			isa = PBXFrameworksBuildPhase;
			buildActionMask = 2147483647;
			files = (
			);
			runOnlyForDeploymentPostprocessing = 0;
		};
/* End PBXFrameworksBuildPhase section */

/* Begin PBXGroup section */
		124129972C6AA8E10096E6A1 = {
			isa = PBXGroup;
			children = (
				124129A22C6AA8E10096E6A1 /* StoryboardProject */,
				124129A12C6AA8E10096E6A1 /* Products */,
			);
			sourceTree = "<group>";
		};
		124129A12C6AA8E10096E6A1 /* Products */ = {
			isa = PBXGroup;
			children = (
				124129A02C6AA8E10096E6A1 /* StoryboardProject.app */,
			);
			name = Products;
			sourceTree = "<group>";
		};
		124129A22C6AA8E10096E6A1 /* StoryboardProject */ = {
			isa = PBXGroup;
			children = (
				124129A32C6AA8E10096E6A1 /* AppDelegate.swift */,
				124129A52C6AA8E10096E6A1 /* SceneDelegate.swift */,
				124129A72C6AA8E10096E6A1 /* ViewController.swift */,
				124129A92C6AA8E10096E6A1 /* Main.storyboard */,
				124129AC2C6AA8E40096E6A1 /* Assets.xcassets */,
				124129AE2C6AA8E40096E6A1 /* LaunchScreen.storyboard */,
				12D691BE2C6D78D2009AA1E6 /* MyFirstSwiftUIView.swift */,
				12D691BC2C6D7767009AA1E6 /* MySwiftUIView.swift */,
			);
			path = StoryboardProject;
			sourceTree = "<group>";
		};
/* End PBXGroup section */

/* Begin PBXNativeTarget section */
		1241299F2C6AA8E10096E6A1 /* StoryboardProject */ = {
			isa = PBXNativeTarget;
			buildConfigurationList = 124129B42C6AA8E40096E6A1 /* Build configuration list for PBXNativeTarget "StoryboardProject" */;
			buildPhases = (
				1241299C2C6AA8E10096E6A1 /* Sources */,
				1241299D2C6AA8E10096E6A1 /* Frameworks */,
				1241299E2C6AA8E10096E6A1 /* Resources */,
			);
			buildRules = (
			);
			dependencies = (
			);
			name = StoryboardProject;
			productName = StoryboardProject;
			productReference = 124129A02C6AA8E10096E6A1 /* StoryboardProject.app */;
			productType = "com.apple.product-type.application";
		};
/* End PBXNativeTarget section */

/* Begin PBXProject section */
		124129982C6AA8E10096E6A1 /* Project object */ = {
			isa = PBXProject;
			attributes = {
				BuildIndependentTargetsInParallel = 1;
				LastSwiftUpdateCheck = 1500;
				LastUpgradeCheck = 1500;
				TargetAttributes = {
					1241299F2C6AA8E10096E6A1 = {
						CreatedOnToolsVersion = 15.0;
					};
				};
			};
			buildConfigurationList = 1241299B2C6AA8E10096E6A1 /* Build configuration list for PBXProject "StoryboardProject" */;
			compatibilityVersion = "Xcode 14.0";
			developmentRegion = en;
			hasScannedForEncodings = 0;
			knownRegions = (
				en,
				Base,
			);
			mainGroup = 124129972C6AA8E10096E6A1;
			productRefGroup = 124129A12C6AA8E10096E6A1 /* Products */;
			projectDirPath = "";
			projectRoot = "";
			targets = (
				1241299F2C6AA8E10096E6A1 /* StoryboardProject */,
			);
		};
/* End PBXProject section */

/* Begin PBXResourcesBuildPhase section */
		1241299E2C6AA8E10096E6A1 /* Resources */ = {
			isa = PBXResourcesBuildPhase;
			buildActionMask = 2147483647;
			files = (
				124129B02C6AA8E40096E6A1 /* LaunchScreen.storyboard in Resources */,
				124129AD2C6AA8E40096E6A1 /* Assets.xcassets in Resources */,
				124129AB2C6AA8E10096E6A1 /* Main.storyboard in Resources */,
			);
			runOnlyForDeploymentPostprocessing = 0;
		};
/* End PBXResourcesBuildPhase section */

/* Begin PBXSourcesBuildPhase section */
		1241299C2C6AA8E10096E6A1 /* Sources */ = {
			isa = PBXSourcesBuildPhase;
			buildActionMask = 2147483647;
			files = (
				124129A82C6AA8E10096E6A1 /* ViewController.swift in Sources */,
				124129A42C6AA8E10096E6A1 /* AppDelegate.swift in Sources */,
				12D691BD2C6D7767009AA1E6 /* MySwiftUIView.swift in Sources */,
				124129A62C6AA8E10096E6A1 /* SceneDelegate.swift in Sources */,
				12D691BF2C6D78D2009AA1E6 /* MyFirstSwiftUIView.swift in Sources */,
			);
			runOnlyForDeploymentPostprocessing = 0;
		};
/* End PBXSourcesBuildPhase section */

/* Begin PBXVariantGroup section */
		124129A92C6AA8E10096E6A1 /* Main.storyboard */ = {
			isa = PBXVariantGroup;
			children = (
				124129AA2C6AA8E10096E6A1 /* Base */,
			);
			name = Main.storyboard;
			sourceTree = "<group>";
		};
		124129AE2C6AA8E40096E6A1 /* LaunchScreen.storyboard */ = {
			isa = PBXVariantGroup;
			children = (
				124129AF2C6AA8E40096E6A1 /* Base */,
			);
			name = LaunchScreen.storyboard;
			sourceTree = "<group>";
		};
/* End PBXVariantGroup section */

/* Begin XCBuildConfiguration section */
		124129B22C6AA8E40096E6A1 /* Debug */ = {
			isa = XCBuildConfiguration;
			buildSettings = {
				ALWAYS_SEARCH_USER_PATHS = NO;
				ASSETCATALOG_COMPILER_GENERATE_SWIFT_ASSET_SYMBOL_EXTENSIONS = YES;
				CLANG_ANALYZER_NONNULL = YES;
				CLANG_ANALYZER_NUMBER_OBJECT_CONVERSION = YES_AGGRESSIVE;
				CLANG_CXX_LANGUAGE_STANDARD = "gnu++20";
				CLANG_ENABLE_MODULES = YES;
				CLANG_ENABLE_OBJC_ARC = YES;
				CLANG_ENABLE_OBJC_WEAK = YES;
				CLANG_WARN_BLOCK_CAPTURE_AUTORELEASING = YES;
				CLANG_WARN_BOOL_CONVERSION = YES;
				CLANG_WARN_COMMA = YES;
				CLANG_WARN_CONSTANT_CONVERSION = YES;
				CLANG_WARN_DEPRECATED_OBJC_IMPLEMENTATIONS = YES;
				CLANG_WARN_DIRECT_OBJC_ISA_USAGE = YES_ERROR;
				CLANG_WARN_DOCUMENTATION_COMMENTS = YES;
				CLANG_WARN_EMPTY_BODY = YES;
				CLANG_WARN_ENUM_CONVERSION = YES;
				CLANG_WARN_INFINITE_RECURSION = YES;
				CLANG_WARN_INT_CONVERSION = YES;
				CLANG_WARN_NON_LITERAL_NULL_CONVERSION = YES;
				CLANG_WARN_OBJC_IMPLICIT_RETAIN_SELF = YES;
				CLANG_WARN_OBJC_LITERAL_CONVERSION = YES;
				CLANG_WARN_OBJC_ROOT_CLASS = YES_ERROR;
				CLANG_WARN_QUOTED_INCLUDE_IN_FRAMEWORK_HEADER = YES;
				CLANG_WARN_RANGE_LOOP_ANALYSIS = YES;
				CLANG_WARN_STRICT_PROTOTYPES = YES;
				CLANG_WARN_SUSPICIOUS_MOVE = YES;
				CLANG_WARN_UNGUARDED_AVAILABILITY = YES_AGGRESSIVE;
				CLANG_WARN_UNREACHABLE_CODE = YES;
				CLANG_WARN__DUPLICATE_METHOD_MATCH = YES;
				COPY_PHASE_STRIP = NO;
				DEBUG_INFORMATION_FORMAT = dwarf;
				ENABLE_STRICT_OBJC_MSGSEND = YES;
				ENABLE_TESTABILITY = YES;
				ENABLE_USER_SCRIPT_SANDBOXING = YES;
				GCC_C_LANGUAGE_STANDARD = gnu17;
				GCC_DYNAMIC_NO_PIC = NO;
				GCC_NO_COMMON_BLOCKS = YES;
				GCC_OPTIMIZATION_LEVEL = 0;
				GCC_PREPROCESSOR_DEFINITIONS = (
					"DEBUG=1",
					"$(inherited)",
				);
				GCC_WARN_64_TO_32_BIT_CONVERSION = YES;
				GCC_WARN_ABOUT_RETURN_TYPE = YES_ERROR;
				GCC_WARN_UNDECLARED_SELECTOR = YES;
				GCC_WARN_UNINITIALIZED_AUTOS = YES_AGGRESSIVE;
				GCC_WARN_UNUSED_FUNCTION = YES;
				GCC_WARN_UNUSED_VARIABLE = YES;
				IPHONEOS_DEPLOYMENT_TARGET = 17.0;
				LOCALIZATION_PREFERS_STRING_CATALOGS = YES;
				MTL_ENABLE_DEBUG_INFO = INCLUDE_SOURCE;
				MTL_FAST_MATH = YES;
				ONLY_ACTIVE_ARCH = YES;
				SDKROOT = iphoneos;
				SWIFT_ACTIVE_COMPILATION_CONDITIONS = "DEBUG $(inherited)";
				SWIFT_OPTIMIZATION_LEVEL = "-Onone";
			};
			name = Debug;
		};
		124129B32C6AA8E40096E6A1 /* Release */ = {
			isa = XCBuildConfiguration;
			buildSettings = {
				ALWAYS_SEARCH_USER_PATHS = NO;
				ASSETCATALOG_COMPILER_GENERATE_SWIFT_ASSET_SYMBOL_EXTENSIONS = YES;
				CLANG_ANALYZER_NONNULL = YES;
				CLANG_ANALYZER_NUMBER_OBJECT_CONVERSION = YES_AGGRESSIVE;
				CLANG_CXX_LANGUAGE_STANDARD = "gnu++20";
				CLANG_ENABLE_MODULES = YES;
				CLANG_ENABLE_OBJC_ARC = YES;
				CLANG_ENABLE_OBJC_WEAK = YES;
				CLANG_WARN_BLOCK_CAPTURE_AUTORELEASING = YES;
				CLANG_WARN_BOOL_CONVERSION = YES;
				CLANG_WARN_COMMA = YES;
				CLANG_WARN_CONSTANT_CONVERSION = YES;
				CLANG_WARN_DEPRECATED_OBJC_IMPLEMENTATIONS = YES;
				CLANG_WARN_DIRECT_OBJC_ISA_USAGE = YES_ERROR;
				CLANG_WARN_DOCUMENTATION_COMMENTS = YES;
				CLANG_WARN_EMPTY_BODY = YES;
				CLANG_WARN_ENUM_CONVERSION = YES;
				CLANG_WARN_INFINITE_RECURSION = YES;
				CLANG_WARN_INT_CONVERSION = YES;
				CLANG_WARN_NON_LITERAL_NULL_CONVERSION = YES;
				CLANG_WARN_OBJC_IMPLICIT_RETAIN_SELF = YES;
				CLANG_WARN_OBJC_LITERAL_CONVERSION = YES;
				CLANG_WARN_OBJC_ROOT_CLASS = YES_ERROR;
				CLANG_WARN_QUOTED_INCLUDE_IN_FRAMEWORK_HEADER = YES;
				CLANG_WARN_RANGE_LOOP_ANALYSIS = YES;
				CLANG_WARN_STRICT_PROTOTYPES = YES;
				CLANG_WARN_SUSPICIOUS_MOVE = YES;
				CLANG_WARN_UNGUARDED_AVAILABILITY = YES_AGGRESSIVE;
				CLANG_WARN_UNREACHABLE_CODE = YES;
				CLANG_WARN__DUPLICATE_METHOD_MATCH = YES;
				COPY_PHASE_STRIP = NO;
				DEBUG_INFORMATION_FORMAT = "dwarf-with-dsym";
				ENABLE_NS_ASSERTIONS = NO;
				ENABLE_STRICT_OBJC_MSGSEND = YES;
				ENABLE_USER_SCRIPT_SANDBOXING = YES;
				GCC_C_LANGUAGE_STANDARD = gnu17;
				GCC_NO_COMMON_BLOCKS = YES;
				GCC_WARN_64_TO_32_BIT_CONVERSION = YES;
				GCC_WARN_ABOUT_RETURN_TYPE = YES_ERROR;
				GCC_WARN_UNDECLARED_SELECTOR = YES;
				GCC_WARN_UNINITIALIZED_AUTOS = YES_AGGRESSIVE;
				GCC_WARN_UNUSED_FUNCTION = YES;
				GCC_WARN_UNUSED_VARIABLE = YES;
				IPHONEOS_DEPLOYMENT_TARGET = 17.0;
				LOCALIZATION_PREFERS_STRING_CATALOGS = YES;
				MTL_ENABLE_DEBUG_INFO = NO;
				MTL_FAST_MATH = YES;
				SDKROOT = iphoneos;
				SWIFT_COMPILATION_MODE = wholemodule;
				VALIDATE_PRODUCT = YES;
			};
			name = Release;
		};
		124129B52C6AA8E40096E6A1 /* Debug */ = {
			isa = XCBuildConfiguration;
			buildSettings = {
				ASSETCATALOG_COMPILER_APPICON_NAME = AppIcon;
				ASSETCATALOG_COMPILER_GLOBAL_ACCENT_COLOR_NAME = AccentColor;
				CODE_SIGN_STYLE = Automatic;
				CURRENT_PROJECT_VERSION = 1;
				DEVELOPMENT_TEAM = CCCW4AN62Y;
				GENERATE_INFOPLIST_FILE = YES;
				INFOPLIST_FILE = StoryboardProject/Info.plist;
				INFOPLIST_KEY_UIApplicationSupportsIndirectInputEvents = YES;
				INFOPLIST_KEY_UILaunchStoryboardName = LaunchScreen;
				INFOPLIST_KEY_UIMainStoryboardFile = Main;
				INFOPLIST_KEY_UISupportedInterfaceOrientations_iPad = "UIInterfaceOrientationPortrait UIInterfaceOrientationPortraitUpsideDown UIInterfaceOrientationLandscapeLeft UIInterfaceOrientationLandscapeRight";
				INFOPLIST_KEY_UISupportedInterfaceOrientations_iPhone = "UIInterfaceOrientationPortrait UIInterfaceOrientationLandscapeLeft UIInterfaceOrientationLandscapeRight";
				LD_RUNPATH_SEARCH_PATHS = (
					"$(inherited)",
					"@executable_path/Frameworks",
				);
				MARKETING_VERSION = 1.0;
				PRODUCT_BUNDLE_IDENTIFIER = com.halai.StoryboardProject;
				PRODUCT_NAME = "$(TARGET_NAME)";
				SWIFT_EMIT_LOC_STRINGS = YES;
				SWIFT_VERSION = 5.0;
				TARGETED_DEVICE_FAMILY = "1,2";
			};
			name = Debug;
		};
		124129B62C6AA8E40096E6A1 /* Release */ = {
			isa = XCBuildConfiguration;
			buildSettings = {
				ASSETCATALOG_COMPILER_APPICON_NAME = AppIcon;
				ASSETCATALOG_COMPILER_GLOBAL_ACCENT_COLOR_NAME = AccentColor;
				CODE_SIGN_STYLE = Automatic;
				CURRENT_PROJECT_VERSION = 1;
				DEVELOPMENT_TEAM = CCCW4AN62Y;
				GENERATE_INFOPLIST_FILE = YES;
				INFOPLIST_FILE = StoryboardProject/Info.plist;
				INFOPLIST_KEY_UIApplicationSupportsIndirectInputEvents = YES;
				INFOPLIST_KEY_UILaunchStoryboardName = LaunchScreen;
				INFOPLIST_KEY_UIMainStoryboardFile = Main;
				INFOPLIST_KEY_UISupportedInterfaceOrientations_iPad = "UIInterfaceOrientationPortrait UIInterfaceOrientationPortraitUpsideDown UIInterfaceOrientationLandscapeLeft UIInterfaceOrientationLandscapeRight";
				INFOPLIST_KEY_UISupportedInterfaceOrientations_iPhone = "UIInterfaceOrientationPortrait UIInterfaceOrientationLandscapeLeft UIInterfaceOrientationLandscapeRight";
				LD_RUNPATH_SEARCH_PATHS = (
					"$(inherited)",
					"@executable_path/Frameworks",
				);
				MARKETING_VERSION = 1.0;
				PRODUCT_BUNDLE_IDENTIFIER = com.halai.StoryboardProject;
				PRODUCT_NAME = "$(TARGET_NAME)";
				SWIFT_EMIT_LOC_STRINGS = YES;
				SWIFT_VERSION = 5.0;
				TARGETED_DEVICE_FAMILY = "1,2";
			};
			name = Release;
		};
/* End XCBuildConfiguration section */

/* Begin XCConfigurationList section */
		1241299B2C6AA8E10096E6A1 /* Build configuration list for PBXProject "StoryboardProject" */ = {
			isa = XCConfigurationList;
			buildConfigurations = (
				124129B22C6AA8E40096E6A1 /* Debug */,
				124129B32C6AA8E40096E6A1 /* Release */,
			);
			defaultConfigurationIsVisible = 0;
			defaultConfigurationName = Release;
		};
		124129B42C6AA8E40096E6A1 /* Build configuration list for PBXNativeTarget "StoryboardProject" */ = {
			isa = XCConfigurationList;
			buildConfigurations = (
				124129B52C6AA8E40096E6A1 /* Debug */,
				124129B62C6AA8E40096E6A1 /* Release */,
			);
			defaultConfigurationIsVisible = 0;
			defaultConfigurationName = Release;
		};
/* End XCConfigurationList section */
	};
	rootObject = 124129982C6AA8E10096E6A1 /* Project object */;
}
